{
  "name": "proto-to-js-npm-deps",
  "lockfileVersion": 3,
  "requires": true,
  "packages": {
    "": {
      "dependencies": {
        "google-protobuf": "^3.21.4"
      },
      "devDependencies": {
        "grpc-web": "^2.0.2"
      }
    },
    "node_modules/google-protobuf": {
      "version": "3.21.4",
      "resolved": "https://registry.npmjs.org/google-protobuf/-/google-protobuf-3.21.4.tgz",
      "integrity": "sha512-MnG7N936zcKTco4Jd2PX2U96Kf9PxygAPKBug+74LHzmHXmceN16MmRcdgZv+DGef/S9YvQAfRsNCn4cjf9yyQ==",
      "license": "(BSD-3-Clause AND Apache-2.0)"
    },
    "node_modules/grpc-web": {
      "version": "2.0.2",
      "resolved": "https://registry.npmjs.org/grpc-web/-/grpc-web-2.0.2.tgz",
      "integrity": "sha512-bvBP0/d5jyVM3eGxxffJhRLAPpH6eXhJeUzBT+bSIEgUKkG4a/BotEimVeW3phP0WLnsJnkRl8uQdRf2yDLaVA==",
      "dev": true,
      "license": "Apache-2.0"
    }
  }
}
