{
  "name": "cardano-wasm-demo-regression",
  "lockfileVersion": 3,
  "requires": true,
  "packages": {
    "": {
      "name": "cardano-wasm-demo-regression",
      "dependencies": {
        "@bjorn3/browser_wasi_shim": "0.4.1"
      }
    },
    "node_modules/@bjorn3/browser_wasi_shim": {
      "version": "0.4.1",
      "resolved": "https://registry.npmjs.org/@bjorn3/browser_wasi_shim/-/browser_wasi_shim-0.4.1.tgz",
      "integrity": "sha512-54kpBQX69TZ8I1zyDC8sziv/zPT1zoIadv3CmdIZNZ5WDF1houMjAzRZ3dwWvhXObiEBjOxXyS8Ja7vA0EfGEQ==",
      "license": "MIT OR Apache-2.0"
    }
  }
}
