{
  "nodes": {
    "blst": {
      "flake": false,
      "locked": {
        "lastModified": 1739372843,
        "narHash": "sha256-IlbNMLBjs/dvGogcdbWQIL+3qwy7EXJbIDpo4xBd4bY=",
        "owner": "supranational",
        "repo": "blst",
        "rev": "8c7db7fe8d2ce6e76dc398ebd4d475c0ec564355",
        "type": "github"
      },
      "original": {
        "owner": "supranational",
        "ref": "v0.3.14",
        "repo": "blst",
        "type": "github"
      }
    },
    "flake-utils": {
      "inputs": {
        "systems": "systems"
      },
      "locked": {
        "lastModified": 1731533236,
        "narHash": "sha256-l0KFg5HjrsfsO/JpG+r7fRrqm12kzFHyUHqHCVpMMbI=",
        "owner": "numtide",
        "repo": "flake-utils",
        "rev": "11707dc2f618dd54ca8739b309ec4fc024de578b",
        "type": "github"
      },
      "original": {
        "owner": "numtide",
        "repo": "flake-utils",
        "type": "github"
      }
    },
    "ghc-wasm-meta": {
      "inputs": {
        "flake-utils": "flake-utils",
        "nixpkgs": "nixpkgs"
      },
      "locked": {
        "host": "gitlab.haskell.org",
        "lastModified": 1746131777,
        "narHash": "sha256-Tktjxb3hXyXcYwT6othEJH2ja45jMI/4N/9Cdju6t2Y=",
        "owner": "haskell-wasm",
        "repo": "ghc-wasm-meta",
        "rev": "694c011879c4630dfcbcea52c6c0a06404061a9b",
        "type": "gitlab"
      },
      "original": {
        "host": "gitlab.haskell.org",
        "owner": "haskell-wasm",
        "repo": "ghc-wasm-meta",
        "type": "gitlab"
      }
    },
    "iohk-nix": {
      "inputs": {
        "blst": "blst",
        "nixpkgs": "nixpkgs_2",
        "secp256k1": "secp256k1",
        "sodium": "sodium"
      },
      "locked": {
        "lastModified": 1745582862,
        "narHash": "sha256-dMoJ6yHcRvUcB66nofzfAtmVxnDg8oPW3wiVtimXT/o=",
        "owner": "input-output-hk",
        "repo": "iohk-nix",
        "rev": "5c16fdfc45deda7a4ccf964b6dfa1c3cab72f1f7",
        "type": "github"
      },
      "original": {
        "owner": "input-output-hk",
        "repo": "iohk-nix",
        "type": "github"
      }
    },
    "nixpkgs": {
      "locked": {
        "lastModified": 1744098102,
        "narHash": "sha256-tzCdyIJj9AjysC3OuKA+tMD/kDEDAF9mICPDU7ix0JA=",
        "owner": "NixOS",
        "repo": "nixpkgs",
        "rev": "c8cd81426f45942bb2906d5ed2fe21d2f19d95b7",
        "type": "github"
      },
      "original": {
        "owner": "NixOS",
        "ref": "nixos-unstable",
        "repo": "nixpkgs",
        "type": "github"
      }
    },
    "nixpkgs_2": {
      "locked": {
        "lastModified": 1684171562,
        "narHash": "sha256-BMUWjVWAUdyMWKk0ATMC9H0Bv4qAV/TXwwPUvTiC5IQ=",
        "owner": "nixos",
        "repo": "nixpkgs",
        "rev": "55af203d468a6f5032a519cba4f41acf5a74b638",
        "type": "github"
      },
      "original": {
        "owner": "nixos",
        "ref": "release-22.11",
        "repo": "nixpkgs",
        "type": "github"
      }
    },
    "root": {
      "inputs": {
        "flake-utils": [
          "ghc-wasm-meta",
          "flake-utils"
        ],
        "ghc-wasm-meta": "ghc-wasm-meta",
        "iohk-nix": "iohk-nix",
        "nixpkgs": [
          "ghc-wasm-meta",
          "nixpkgs"
        ]
      }
    },
    "secp256k1": {
      "flake": false,
      "locked": {
        "lastModified": 1683999695,
        "narHash": "sha256-9nJJVENMXjXEJZzw8DHzin1DkFkF8h9m/c6PuM7Uk4s=",
        "owner": "bitcoin-core",
        "repo": "secp256k1",
        "rev": "acf5c55ae6a94e5ca847e07def40427547876101",
        "type": "github"
      },
      "original": {
        "owner": "bitcoin-core",
        "ref": "v0.3.2",
        "repo": "secp256k1",
        "type": "github"
      }
    },
    "sodium": {
      "flake": false,
      "locked": {
        "lastModified": 1675156279,
        "narHash": "sha256-0uRcN5gvMwO7MCXVYnoqG/OmeBFi8qRVnDWJLnBb9+Y=",
        "owner": "input-output-hk",
        "repo": "libsodium",
        "rev": "dbb48cce5429cb6585c9034f002568964f1ce567",
        "type": "github"
      },
      "original": {
        "owner": "input-output-hk",
        "repo": "libsodium",
        "rev": "dbb48cce5429cb6585c9034f002568964f1ce567",
        "type": "github"
      }
    },
    "systems": {
      "locked": {
        "lastModified": 1681028828,
        "narHash": "sha256-Vy1rq5AaRuLzOxct8nz4T6wlgyUR7zLU309k9mBC768=",
        "owner": "nix-systems",
        "repo": "default",
        "rev": "da67096a3b9bf56a91d16901293e51ba5b49a27e",
        "type": "github"
      },
      "original": {
        "owner": "nix-systems",
        "repo": "default",
        "type": "github"
      }
    }
  },
  "root": "root",
  "version": 7
}
